// !$*UTF8*$!
{
	archiveVersion = 1;
	classes = {
	};
	objectVersion = 46;
	objects = {

/* Begin PBXBuildFile section */
		097457AB1D2A457C000D9368 /* CRAWKWebViewManager.m in Sources */ = {isa = PBXBuildFile; fileRef = 097457A91D2A457C000D9368 /* CRAWKWebViewManager.m */; };
		097457AE1D2A4595000D9368 /* CRAWKWebView.m in Sources */ = {isa = PBXBuildFile; fileRef = 097457AD1D2A4595000D9368 /* CRAWKWebView.m */; };
		097457AF1D2AF4E0000D9368 /* CRAWKWebView.h in CopyFiles */ = {isa = PBXBuildFile; fileRef = 097457AC1D2A4595000D9368 /* CRAWKWebView.h */; };
		097457B01D2AF4E0000D9368 /* CRAWKWebViewManager.h in CopyFiles */ = {isa = PBXBuildFile; fileRef = 097457A81D2A457C000D9368 /* CRAWKWebViewManager.h */; };
		3E609CF61EAA815D00187C8C /* WeakScriptMessageDelegate.m in Sources */ = {isa = PBXBuildFile; fileRef = 3E609CF51EAA815D00187C8C /* WeakScriptMessageDelegate.m */; };
		E683F3D72080F3400005F1F5 /* WKProcessPool+SharedProcessPool.m in Sources */ = {isa = PBXBuildFile; fileRef = E683F3D62080F3400005F1F5 /* WKProcessPool+SharedProcessPool.m */; };
/* End PBXBuildFile section */

/* Begin PBXCopyFilesBuildPhase section */
		097457981D2A440A000D9368 /* CopyFiles */ = {
			isa = PBXCopyFilesBuildPhase;
			buildActionMask = 2147483647;
			dstPath = "include/$(PRODUCT_NAME)";
			dstSubfolderSpec = 16;
			files = (
				097457AF1D2AF4E0000D9368 /* CRAWKWebView.h in CopyFiles */,
				097457B01D2AF4E0000D9368 /* CRAWKWebViewManager.h in CopyFiles */,
			);
			runOnlyForDeploymentPostprocessing = 0;
		};
/* End PBXCopyFilesBuildPhase section */

/* Begin PBXFileReference section */
		0974579A1D2A440A000D9368 /* libRCTWKWebView.a */ = {isa = PBXFileReference; explicitFileType = archive.ar; includeInIndex = 0; path = libRCTWKWebView.a; sourceTree = BUILT_PRODUCTS_DIR; };
		097457A81D2A457C000D9368 /* CRAWKWebViewManager.h */ = {isa = PBXFileReference; fileEncoding = 4; lastKnownFileType = sourcecode.c.h; path = CRAWKWebViewManager.h; sourceTree = "<group>"; };
		097457A91D2A457C000D9368 /* CRAWKWebViewManager.m */ = {isa = PBXFileReference; fileEncoding = 4; indentWidth = 2; lastKnownFileType = sourcecode.c.objc; path = CRAWKWebViewManager.m; sourceTree = "<group>"; tabWidth = 2; };
		097457AC1D2A4595000D9368 /* CRAWKWebView.h */ = {isa = PBXFileReference; fileEncoding = 4; lastKnownFileType = sourcecode.c.h; path = CRAWKWebView.h; sourceTree = "<group>"; };
		097457AD1D2A4595000D9368 /* CRAWKWebView.m */ = {isa = PBXFileReference; fileEncoding = 4; indentWidth = 2; lastKnownFileType = sourcecode.c.objc; path = CRAWKWebView.m; sourceTree = "<group>"; tabWidth = 2; };
		3E609CF41EAA815D00187C8C /* WeakScriptMessageDelegate.h */ = {isa = PBXFileReference; fileEncoding = 4; lastKnownFileType = sourcecode.c.h; path = WeakScriptMessageDelegate.h; sourceTree = "<group>"; };
		3E609CF51EAA815D00187C8C /* WeakScriptMessageDelegate.m */ = {isa = PBXFileReference; fileEncoding = 4; lastKnownFileType = sourcecode.c.objc; path = WeakScriptMessageDelegate.m; sourceTree = "<group>"; };
		E683F3D32080F2E10005F1F5 /* WKProcessPool+SharedProcessPool.h */ = {isa = PBXFileReference; lastKnownFileType = sourcecode.c.h; path = "WKProcessPool+SharedProcessPool.h"; sourceTree = "<group>"; };
		E683F3D62080F3400005F1F5 /* WKProcessPool+SharedProcessPool.m */ = {isa = PBXFileReference; lastKnownFileType = sourcecode.c.objc; path = "WKProcessPool+SharedProcessPool.m"; sourceTree = "<group>"; };
/* End PBXFileReference section */

/* Begin PBXFrameworksBuildPhase section */
		097457971D2A440A000D9368 /* Frameworks */ = {
			isa = PBXFrameworksBuildPhase;
			buildActionMask = 2147483647;
			files = (
			);
			runOnlyForDeploymentPostprocessing = 0;
		};
/* End PBXFrameworksBuildPhase section */

/* Begin PBXGroup section */
		097457911D2A440A000D9368 = {
			isa = PBXGroup;
			children = (
				0974579C1D2A440A000D9368 /* RCTWKWebView */,
				0974579B1D2A440A000D9368 /* Products */,
			);
			sourceTree = "<group>";
		};
		0974579B1D2A440A000D9368 /* Products */ = {
			isa = PBXGroup;
			children = (
				0974579A1D2A440A000D9368 /* libRCTWKWebView.a */,
			);
			name = Products;
			sourceTree = "<group>";
		};
		0974579C1D2A440A000D9368 /* RCTWKWebView */ = {
			isa = PBXGroup;
			children = (
				097457AC1D2A4595000D9368 /* CRAWKWebView.h */,
				097457AD1D2A4595000D9368 /* CRAWKWebView.m */,
				097457A81D2A457C000D9368 /* CRAWKWebViewManager.h */,
				097457A91D2A457C000D9368 /* CRAWKWebViewManager.m */,
				3E609CF41EAA815D00187C8C /* WeakScriptMessageDelegate.h */,
				3E609CF51EAA815D00187C8C /* WeakScriptMessageDelegate.m */,
				E683F3D32080F2E10005F1F5 /* WKProcessPool+SharedProcessPool.h */,
				E683F3D62080F3400005F1F5 /* WKProcessPool+SharedProcessPool.m */,
			);
			path = RCTWKWebView;
			sourceTree = "<group>";
		};
/* End PBXGroup section */

/* Begin PBXNativeTarget section */
		097457991D2A440A000D9368 /* RCTWKWebView */ = {
			isa = PBXNativeTarget;
			buildConfigurationList = 097457A31D2A440A000D9368 /* Build configuration list for PBXNativeTarget "RCTWKWebView" */;
			buildPhases = (
				097457961D2A440A000D9368 /* Sources */,
				097457971D2A440A000D9368 /* Frameworks */,
				097457981D2A440A000D9368 /* CopyFiles */,
			);
			buildRules = (
			);
			dependencies = (
			);
			name = RCTWKWebView;
			productName = RCTWKWebView;
			productReference = 0974579A1D2A440A000D9368 /* libRCTWKWebView.a */;
			productType = "com.apple.product-type.library.static";
		};
/* End PBXNativeTarget section */

/* Begin PBXProject section */
		097457921D2A440A000D9368 /* Project object */ = {
			isa = PBXProject;
			attributes = {
				LastUpgradeCheck = 0920;
				TargetAttributes = {
					097457991D2A440A000D9368 = {
						CreatedOnToolsVersion = 7.3.1;
					};
				};
			};
			buildConfigurationList = 097457951D2A440A000D9368 /* Build configuration list for PBXProject "RCTWKWebView" */;
			compatibilityVersion = "Xcode 3.2";
			developmentRegion = English;
			hasScannedForEncodings = 0;
			knownRegions = (
				en,
			);
			mainGroup = 097457911D2A440A000D9368;
			productRefGroup = 0974579B1D2A440A000D9368 /* Products */;
			projectDirPath = "";
			projectRoot = "";
			targets = (
				097457991D2A440A000D9368 /* RCTWKWebView */,
			);
		};
/* End PBXProject section */

/* Begin PBXSourcesBuildPhase section */
		097457961D2A440A000D9368 /* Sources */ = {
			isa = PBXSourcesBuildPhase;
			buildActionMask = 2147483647;
			files = (
				097457AB1D2A457C000D9368 /* CRAWKWebViewManager.m in Sources */,
				3E609CF61EAA815D00187C8C /* WeakScriptMessageDelegate.m in Sources */,
				E683F3D72080F3400005F1F5 /* WKProcessPool+SharedProcessPool.m in Sources */,
				097457AE1D2A4595000D9368 /* CRAWKWebView.m in Sources */,
			);
			runOnlyForDeploymentPostprocessing = 0;
		};
/* End PBXSourcesBuildPhase section */

/* Begin XCBuildConfiguration section */
		097457A11D2A440A000D9368 /* Debug */ = {
			isa = XCBuildConfiguration;
			buildSettings = {
				ALWAYS_SEARCH_USER_PATHS = NO;
				CLANG_ANALYZER_NONNULL = YES;
				CLANG_CXX_LANGUAGE_STANDARD = "gnu++0x";
				CLANG_CXX_LIBRARY = "libc++";
				CLANG_ENABLE_MODULES = YES;
				CLANG_ENABLE_OBJC_ARC = YES;
				CLANG_WARN_BLOCK_CAPTURE_AUTORELEASING = YES;
				CLANG_WARN_BOOL_CONVERSION = YES;
				CLANG_WARN_COMMA = YES;
				CLANG_WARN_CONSTANT_CONVERSION = YES;
				CLANG_WARN_DIRECT_OBJC_ISA_USAGE = YES_ERROR;
				CLANG_WARN_EMPTY_BODY = YES;
				CLANG_WARN_ENUM_CONVERSION = YES;
				CLANG_WARN_INFINITE_RECURSION = YES;
				CLANG_WARN_INT_CONVERSION = YES;
				CLANG_WARN_NON_LITERAL_NULL_CONVERSION = YES;
				CLANG_WARN_OBJC_LITERAL_CONVERSION = YES;
				CLANG_WARN_OBJC_ROOT_CLASS = YES_ERROR;
				CLANG_WARN_RANGE_LOOP_ANALYSIS = YES;
				CLANG_WARN_STRICT_PROTOTYPES = YES;
				CLANG_WARN_SUSPICIOUS_MOVE = YES;
				CLANG_WARN_UNREACHABLE_CODE = YES;
				CLANG_WARN__DUPLICATE_METHOD_MATCH = YES;
				COPY_PHASE_STRIP = NO;
				DEBUG_INFORMATION_FORMAT = dwarf;
				ENABLE_STRICT_OBJC_MSGSEND = YES;
				ENABLE_TESTABILITY = YES;
				GCC_C_LANGUAGE_STANDARD = gnu99;
				GCC_DYNAMIC_NO_PIC = NO;
				GCC_NO_COMMON_BLOCKS = YES;
				GCC_OPTIMIZATION_LEVEL = 0;
				GCC_PREPROCESSOR_DEFINITIONS = (
					"DEBUG=1",
					"$(inherited)",
				);
				GCC_WARN_64_TO_32_BIT_CONVERSION = YES;
				GCC_WARN_ABOUT_RETURN_TYPE = YES_ERROR;
				GCC_WARN_UNDECLARED_SELECTOR = YES;
				GCC_WARN_UNINITIALIZED_AUTOS = YES_AGGRESSIVE;
				GCC_WARN_UNUSED_FUNCTION = YES;
				GCC_WARN_UNUSED_VARIABLE = YES;
				IPHONEOS_DEPLOYMENT_TARGET = 8.0;
				MTL_ENABLE_DEBUG_INFO = YES;
				ONLY_ACTIVE_ARCH = YES;
				SDKROOT = iphoneos;
			};
			name = Debug;
		};
		097457A21D2A440A000D9368 /* Release */ = {
			isa = XCBuildConfiguration;
			buildSettings = {
				ALWAYS_SEARCH_USER_PATHS = NO;
				CLANG_ANALYZER_NONNULL = YES;
				CLANG_CXX_LANGUAGE_STANDARD = "gnu++0x";
				CLANG_CXX_LIBRARY = "libc++";
				CLANG_ENABLE_MODULES = YES;
				CLANG_ENABLE_OBJC_ARC = YES;
				CLANG_WARN_BLOCK_CAPTURE_AUTORELEASING = YES;
				CLANG_WARN_BOOL_CONVERSION = YES;
				CLANG_WARN_COMMA = YES;
				CLANG_WARN_CONSTANT_CONVERSION = YES;
				CLANG_WARN_DIRECT_OBJC_ISA_USAGE = YES_ERROR;
				CLANG_WARN_EMPTY_BODY = YES;
				CLANG_WARN_ENUM_CONVERSION = YES;
				CLANG_WARN_INFINITE_RECURSION = YES;
				CLANG_WARN_INT_CONVERSION = YES;
				CLANG_WARN_NON_LITERAL_NULL_CONVERSION = YES;
				CLANG_WARN_OBJC_LITERAL_CONVERSION = YES;
				CLANG_WARN_OBJC_ROOT_CLASS = YES_ERROR;
				CLANG_WARN_RANGE_LOOP_ANALYSIS = YES;
				CLANG_WARN_STRICT_PROTOTYPES = YES;
				CLANG_WARN_SUSPICIOUS_MOVE = YES;
				CLANG_WARN_UNREACHABLE_CODE = YES;
				CLANG_WARN__DUPLICATE_METHOD_MATCH = YES;
				COPY_PHASE_STRIP = NO;
				DEBUG_INFORMATION_FORMAT = "dwarf-with-dsym";
				ENABLE_NS_ASSERTIONS = NO;
				ENABLE_STRICT_OBJC_MSGSEND = YES;
				GCC_C_LANGUAGE_STANDARD = gnu99;
				GCC_NO_COMMON_BLOCKS = YES;
				GCC_WARN_64_TO_32_BIT_CONVERSION = YES;
				GCC_WARN_ABOUT_RETURN_TYPE = YES_ERROR;
				GCC_WARN_UNDECLARED_SELECTOR = YES;
				GCC_WARN_UNINITIALIZED_AUTOS = YES_AGGRESSIVE;
				GCC_WARN_UNUSED_FUNCTION = YES;
				GCC_WARN_UNUSED_VARIABLE = YES;
				IPHONEOS_DEPLOYMENT_TARGET = 8.0;
				MTL_ENABLE_DEBUG_INFO = NO;
				SDKROOT = iphoneos;
				VALIDATE_PRODUCT = YES;
			};
			name = Release;
		};
		097457A41D2A440A000D9368 /* Debug */ = {
			isa = XCBuildConfiguration;
			buildSettings = {
				HEADER_SEARCH_PATHS = (
					"$(SRCROOT)/../../React/**",
					"$(inherited)",
					"$(SRCROOT)/node_modules/react-native/React/**",
					"$(SRCROOT)/../react-native/React/**",
					"$(SRCROOT)/../../../node_modules/react-native/React/**",
				);
				OTHER_LDFLAGS = "-ObjC";
				PRODUCT_NAME = "$(TARGET_NAME)";
				SKIP_INSTALL = YES;
			};
			name = Debug;
		};
		097457A51D2A440A000D9368 /* Release */ = {
			isa = XCBuildConfiguration;
			buildSettings = {
				HEADER_SEARCH_PATHS = (
					"$(SRCROOT)/../../React/**",
					"$(inherited)",
					"$(SRCROOT)/node_modules/react-native/React/**",
					"$(SRCROOT)/../react-native/React/**",
					"$(SRCROOT)/../../../node_modules/react-native/React/**",
				);
				OTHER_LDFLAGS = "-ObjC";
				PRODUCT_NAME = "$(TARGET_NAME)";
				SKIP_INSTALL = YES;
			};
			name = Release;
		};
/* End XCBuildConfiguration section */

/* Begin XCConfigurationList section */
		097457951D2A440A000D9368 /* Build configuration list for PBXProject "RCTWKWebView" */ = {
			isa = XCConfigurationList;
			buildConfigurations = (
				097457A11D2A440A000D9368 /* Debug */,
				097457A21D2A440A000D9368 /* Release */,
			);
			defaultConfigurationIsVisible = 0;
			defaultConfigurationName = Release;
		};
		097457A31D2A440A000D9368 /* Build configuration list for PBXNativeTarget "RCTWKWebView" */ = {
			isa = XCConfigurationList;
			buildConfigurations = (
				097457A41D2A440A000D9368 /* Debug */,
				097457A51D2A440A000D9368 /* Release */,
			);
			defaultConfigurationIsVisible = 0;
			defaultConfigurationName = Release;
		};
/* End XCConfigurationList section */
	};
	rootObject = 097457921D2A440A000D9368 /* Project object */;
}
